
Microsoft Visual Studio Solution File, Format Version 12.00
# Visual Studio 15
VisualStudioVersion = 15.0.27004.2005
MinimumVisualStudioVersion = 10.0.40219.1
Project("{FAE04EC0-301F-11D3-BF4B-00C04F79EFBC}") = "Xamarin_SpaceGO.Android", "Xamarin_SpaceGO\Xamarin_SpaceGO.Android\Xamarin_SpaceGO.Android.csproj", "{03419D5D-A24C-4A8C-9564-844EB28BD250}"
EndProject
Project("{FAE04EC0-301F-11D3-BF4B-00C04F79EFBC}") = "Xamarin_SpaceGO", "Xamarin_SpaceGO\Xamarin_SpaceGO\Xamarin_SpaceGO.csproj", "{DB1D8F12-EB03-43D2-87E3-1983A11663C5}"
EndProject
Project("{FAE04EC0-301F-11D3-BF4B-00C04F79EFBC}") = "Xamarin_SpaceGO.UWP", "Xamarin_SpaceGO\Xamarin_SpaceGO.UWP\Xamarin_SpaceGO.UWP.csproj", "{0B1C9F5F-4DAD-43D5-8920-47AED2B3D3C8}"
EndProject
Project("{FAE04EC0-301F-11D3-BF4B-00C04F79EFBC}") = "Xamarin_SpaceGO.iOS", "Xamarin_SpaceGO\Xamarin_SpaceGO.iOS\Xamarin_SpaceGO.iOS.csproj", "{01A7CBCB-B048-477C-8FA8-EFD92CD5C99C}"
EndProject
Global
	GlobalSection(SolutionConfigurationPlatforms) = preSolution
		Ad-Hoc|Any CPU = Ad-Hoc|Any CPU
		Ad-Hoc|ARM = Ad-Hoc|ARM
		Ad-Hoc|iPhone = Ad-Hoc|iPhone
		Ad-Hoc|iPhoneSimulator = Ad-Hoc|iPhoneSimulator
		Ad-Hoc|x64 = Ad-Hoc|x64
		Ad-Hoc|x86 = Ad-Hoc|x86
		AppStore|Any CPU = AppStore|Any CPU
		AppStore|ARM = AppStore|ARM
		AppStore|iPhone = AppStore|iPhone
		AppStore|iPhoneSimulator = AppStore|iPhoneSimulator
		AppStore|x64 = AppStore|x64
		AppStore|x86 = AppStore|x86
		Debug|Any CPU = Debug|Any CPU
		Debug|ARM = Debug|ARM
		Debug|iPhone = Debug|iPhone
		Debug|iPhoneSimulator = Debug|iPhoneSimulator
		Debug|x64 = Debug|x64
		Debug|x86 = Debug|x86
		Release|Any CPU = Release|Any CPU
		Release|ARM = Release|ARM
		Release|iPhone = Release|iPhone
		Release|iPhoneSimulator = Release|iPhoneSimulator
		Release|x64 = Release|x64
		Release|x86 = Release|x86
	EndGlobalSection
	GlobalSection(ProjectConfigurationPlatforms) = postSolution
		{03419D5D-A24C-4A8C-9564-844EB28BD250}.Ad-Hoc|Any CPU.ActiveCfg = Release|Any CPU
		{03419D5D-A24C-4A8C-9564-844EB28BD250}.Ad-Hoc|Any CPU.Build.0 = Release|Any CPU
		{03419D5D-A24C-4A8C-9564-844EB28BD250}.Ad-Hoc|Any CPU.Deploy.0 = Release|Any CPU
		{03419D5D-A24C-4A8C-9564-844EB28BD250}.Ad-Hoc|ARM.ActiveCfg = Release|Any CPU
		{03419D5D-A24C-4A8C-9564-844EB28BD250}.Ad-Hoc|ARM.Build.0 = Release|Any CPU
		{03419D5D-A24C-4A8C-9564-844EB28BD250}.Ad-Hoc|ARM.Deploy.0 = Release|Any CPU
		{03419D5D-A24C-4A8C-9564-844EB28BD250}.Ad-Hoc|iPhone.ActiveCfg = Release|Any CPU
		{03419D5D-A24C-4A8C-9564-844EB28BD250}.Ad-Hoc|iPhone.Build.0 = Release|Any CPU
		{03419D5D-A24C-4A8C-9564-844EB28BD250}.Ad-Hoc|iPhone.Deploy.0 = Release|Any CPU
		{03419D5D-A24C-4A8C-9564-844EB28BD250}.Ad-Hoc|iPhoneSimulator.ActiveCfg = Release|Any CPU
		{03419D5D-A24C-4A8C-9564-844EB28BD250}.Ad-Hoc|iPhoneSimulator.Build.0 = Release|Any CPU
		{03419D5D-A24C-4A8C-9564-844EB28BD250}.Ad-Hoc|iPhoneSimulator.Deploy.0 = Release|Any CPU
		{03419D5D-A24C-4A8C-9564-844EB28BD250}.Ad-Hoc|x64.ActiveCfg = Release|Any CPU
		{03419D5D-A24C-4A8C-9564-844EB28BD250}.Ad-Hoc|x64.Build.0 = Release|Any CPU
		{03419D5D-A24C-4A8C-9564-844EB28BD250}.Ad-Hoc|x64.Deploy.0 = Release|Any CPU
		{03419D5D-A24C-4A8C-9564-844EB28BD250}.Ad-Hoc|x86.ActiveCfg = Release|Any CPU
		{03419D5D-A24C-4A8C-9564-844EB28BD250}.Ad-Hoc|x86.Build.0 = Release|Any CPU
		{03419D5D-A24C-4A8C-9564-844EB28BD250}.Ad-Hoc|x86.Deploy.0 = Release|Any CPU
		{03419D5D-A24C-4A8C-9564-844EB28BD250}.AppStore|Any CPU.ActiveCfg = Release|Any CPU
		{03419D5D-A24C-4A8C-9564-844EB28BD250}.AppStore|Any CPU.Build.0 = Release|Any CPU
		{03419D5D-A24C-4A8C-9564-844EB28BD250}.AppStore|Any CPU.Deploy.0 = Release|Any CPU
		{03419D5D-A24C-4A8C-9564-844EB28BD250}.AppStore|ARM.ActiveCfg = Release|Any CPU
		{03419D5D-A24C-4A8C-9564-844EB28BD250}.AppStore|ARM.Build.0 = Release|Any CPU
		{03419D5D-A24C-4A8C-9564-844EB28BD250}.AppStore|ARM.Deploy.0 = Release|Any CPU
		{03419D5D-A24C-4A8C-9564-844EB28BD250}.AppStore|iPhone.ActiveCfg = Release|Any CPU
		{03419D5D-A24C-4A8C-9564-844EB28BD250}.AppStore|iPhone.Build.0 = Release|Any CPU
		{03419D5D-A24C-4A8C-9564-844EB28BD250}.AppStore|iPhone.Deploy.0 = Release|Any CPU
		{03419D5D-A24C-4A8C-9564-844EB28BD250}.AppStore|iPhoneSimulator.ActiveCfg = Release|Any CPU
		{03419D5D-A24C-4A8C-9564-844EB28BD250}.AppStore|iPhoneSimulator.Build.0 = Release|Any CPU
		{03419D5D-A24C-4A8C-9564-844EB28BD250}.AppStore|iPhoneSimulator.Deploy.0 = Release|Any CPU
		{03419D5D-A24C-4A8C-9564-844EB28BD250}.AppStore|x64.ActiveCfg = Release|Any CPU
		{03419D5D-A24C-4A8C-9564-844EB28BD250}.AppStore|x64.Build.0 = Release|Any CPU
		{03419D5D-A24C-4A8C-9564-844EB28BD250}.AppStore|x64.Deploy.0 = Release|Any CPU
		{03419D5D-A24C-4A8C-9564-844EB28BD250}.AppStore|x86.ActiveCfg = Release|Any CPU
		{03419D5D-A24C-4A8C-9564-844EB28BD250}.AppStore|x86.Build.0 = Release|Any CPU
		{03419D5D-A24C-4A8C-9564-844EB28BD250}.AppStore|x86.Deploy.0 = Release|Any CPU
		{03419D5D-A24C-4A8C-9564-844EB28BD250}.Debug|Any CPU.ActiveCfg = Debug|Any CPU
		{03419D5D-A24C-4A8C-9564-844EB28BD250}.Debug|Any CPU.Build.0 = Debug|Any CPU
		{03419D5D-A24C-4A8C-9564-844EB28BD250}.Debug|Any CPU.Deploy.0 = Debug|Any CPU
		{03419D5D-A24C-4A8C-9564-844EB28BD250}.Debug|ARM.ActiveCfg = Debug|Any CPU
		{03419D5D-A24C-4A8C-9564-844EB28BD250}.Debug|ARM.Build.0 = Debug|Any CPU
		{03419D5D-A24C-4A8C-9564-844EB28BD250}.Debug|ARM.Deploy.0 = Debug|Any CPU
		{03419D5D-A24C-4A8C-9564-844EB28BD250}.Debug|iPhone.ActiveCfg = Debug|Any CPU
		{03419D5D-A24C-4A8C-9564-844EB28BD250}.Debug|iPhone.Build.0 = Debug|Any CPU
		{03419D5D-A24C-4A8C-9564-844EB28BD250}.Debug|iPhone.Deploy.0 = Debug|Any CPU
		{03419D5D-A24C-4A8C-9564-844EB28BD250}.Debug|iPhoneSimulator.ActiveCfg = Debug|Any CPU
		{03419D5D-A24C-4A8C-9564-844EB28BD250}.Debug|iPhoneSimulator.Build.0 = Debug|Any CPU
		{03419D5D-A24C-4A8C-9564-844EB28BD250}.Debug|iPhoneSimulator.Deploy.0 = Debug|Any CPU
		{03419D5D-A24C-4A8C-9564-844EB28BD250}.Debug|x64.ActiveCfg = Debug|Any CPU
		{03419D5D-A24C-4A8C-9564-844EB28BD250}.Debug|x64.Build.0 = Debug|Any CPU
		{03419D5D-A24C-4A8C-9564-844EB28BD250}.Debug|x64.Deploy.0 = Debug|Any CPU
		{03419D5D-A24C-4A8C-9564-844EB28BD250}.Debug|x86.ActiveCfg = Debug|Any CPU
		{03419D5D-A24C-4A8C-9564-844EB28BD250}.Debug|x86.Build.0 = Debug|Any CPU
		{03419D5D-A24C-4A8C-9564-844EB28BD250}.Debug|x86.Deploy.0 = Debug|Any CPU
		{03419D5D-A24C-4A8C-9564-844EB28BD250}.Release|Any CPU.ActiveCfg = Release|Any CPU
		{03419D5D-A24C-4A8C-9564-844EB28BD250}.Release|Any CPU.Build.0 = Release|Any CPU
		{03419D5D-A24C-4A8C-9564-844EB28BD250}.Release|Any CPU.Deploy.0 = Release|Any CPU
		{03419D5D-A24C-4A8C-9564-844EB28BD250}.Release|ARM.ActiveCfg = Release|Any CPU
		{03419D5D-A24C-4A8C-9564-844EB28BD250}.Release|ARM.Build.0 = Release|Any CPU
		{03419D5D-A24C-4A8C-9564-844EB28BD250}.Release|ARM.Deploy.0 = Release|Any CPU
		{03419D5D-A24C-4A8C-9564-844EB28BD250}.Release|iPhone.ActiveCfg = Release|Any CPU
		{03419D5D-A24C-4A8C-9564-844EB28BD250}.Release|iPhone.Build.0 = Release|Any CPU
		{03419D5D-A24C-4A8C-9564-844EB28BD250}.Release|iPhone.Deploy.0 = Release|Any CPU
		{03419D5D-A24C-4A8C-9564-844EB28BD250}.Release|iPhoneSimulator.ActiveCfg = Release|Any CPU
		{03419D5D-A24C-4A8C-9564-844EB28BD250}.Release|iPhoneSimulator.Build.0 = Release|Any CPU
		{03419D5D-A24C-4A8C-9564-844EB28BD250}.Release|iPhoneSimulator.Deploy.0 = Release|Any CPU
		{03419D5D-A24C-4A8C-9564-844EB28BD250}.Release|x64.ActiveCfg = Release|Any CPU
		{03419D5D-A24C-4A8C-9564-844EB28BD250}.Release|x64.Build.0 = Release|Any CPU
		{03419D5D-A24C-4A8C-9564-844EB28BD250}.Release|x64.Deploy.0 = Release|Any CPU
		{03419D5D-A24C-4A8C-9564-844EB28BD250}.Release|x86.ActiveCfg = Release|Any CPU
		{03419D5D-A24C-4A8C-9564-844EB28BD250}.Release|x86.Build.0 = Release|Any CPU
		{03419D5D-A24C-4A8C-9564-844EB28BD250}.Release|x86.Deploy.0 = Release|Any CPU
		{DB1D8F12-EB03-43D2-87E3-1983A11663C5}.Ad-Hoc|Any CPU.ActiveCfg = Release|Any CPU
		{DB1D8F12-EB03-43D2-87E3-1983A11663C5}.Ad-Hoc|Any CPU.Build.0 = Release|Any CPU
		{DB1D8F12-EB03-43D2-87E3-1983A11663C5}.Ad-Hoc|ARM.ActiveCfg = Release|Any CPU
		{DB1D8F12-EB03-43D2-87E3-1983A11663C5}.Ad-Hoc|ARM.Build.0 = Release|Any CPU
		{DB1D8F12-EB03-43D2-87E3-1983A11663C5}.Ad-Hoc|iPhone.ActiveCfg = Release|Any CPU
		{DB1D8F12-EB03-43D2-87E3-1983A11663C5}.Ad-Hoc|iPhone.Build.0 = Release|Any CPU
		{DB1D8F12-EB03-43D2-87E3-1983A11663C5}.Ad-Hoc|iPhoneSimulator.ActiveCfg = Release|Any CPU
		{DB1D8F12-EB03-43D2-87E3-1983A11663C5}.Ad-Hoc|iPhoneSimulator.Build.0 = Release|Any CPU
		{DB1D8F12-EB03-43D2-87E3-1983A11663C5}.Ad-Hoc|x64.ActiveCfg = Release|Any CPU
		{DB1D8F12-EB03-43D2-87E3-1983A11663C5}.Ad-Hoc|x64.Build.0 = Release|Any CPU
		{DB1D8F12-EB03-43D2-87E3-1983A11663C5}.Ad-Hoc|x86.ActiveCfg = Release|Any CPU
		{DB1D8F12-EB03-43D2-87E3-1983A11663C5}.Ad-Hoc|x86.Build.0 = Release|Any CPU
		{DB1D8F12-EB03-43D2-87E3-1983A11663C5}.AppStore|Any CPU.ActiveCfg = Release|Any CPU
		{DB1D8F12-EB03-43D2-87E3-1983A11663C5}.AppStore|Any CPU.Build.0 = Release|Any CPU
		{DB1D8F12-EB03-43D2-87E3-1983A11663C5}.AppStore|ARM.ActiveCfg = Release|Any CPU
		{DB1D8F12-EB03-43D2-87E3-1983A11663C5}.AppStore|ARM.Build.0 = Release|Any CPU
		{DB1D8F12-EB03-43D2-87E3-1983A11663C5}.AppStore|iPhone.ActiveCfg = Release|Any CPU
		{DB1D8F12-EB03-43D2-87E3-1983A11663C5}.AppStore|iPhone.Build.0 = Release|Any CPU
		{DB1D8F12-EB03-43D2-87E3-1983A11663C5}.AppStore|iPhoneSimulator.ActiveCfg = Release|Any CPU
		{DB1D8F12-EB03-43D2-87E3-1983A11663C5}.AppStore|iPhoneSimulator.Build.0 = Release|Any CPU
		{DB1D8F12-EB03-43D2-87E3-1983A11663C5}.AppStore|x64.ActiveCfg = Release|Any CPU
		{DB1D8F12-EB03-43D2-87E3-1983A11663C5}.AppStore|x64.Build.0 = Release|Any CPU
		{DB1D8F12-EB03-43D2-87E3-1983A11663C5}.AppStore|x86.ActiveCfg = Release|Any CPU
		{DB1D8F12-EB03-43D2-87E3-1983A11663C5}.AppStore|x86.Build.0 = Release|Any CPU
		{DB1D8F12-EB03-43D2-87E3-1983A11663C5}.Debug|Any CPU.ActiveCfg = Debug|Any CPU
		{DB1D8F12-EB03-43D2-87E3-1983A11663C5}.Debug|Any CPU.Build.0 = Debug|Any CPU
		{DB1D8F12-EB03-43D2-87E3-1983A11663C5}.Debug|ARM.ActiveCfg = Debug|Any CPU
		{DB1D8F12-EB03-43D2-87E3-1983A11663C5}.Debug|ARM.Build.0 = Debug|Any CPU
		{DB1D8F12-EB03-43D2-87E3-1983A11663C5}.Debug|iPhone.ActiveCfg = Debug|Any CPU
		{DB1D8F12-EB03-43D2-87E3-1983A11663C5}.Debug|iPhone.Build.0 = Debug|Any CPU
		{DB1D8F12-EB03-43D2-87E3-1983A11663C5}.Debug|iPhoneSimulator.ActiveCfg = Debug|Any CPU
		{DB1D8F12-EB03-43D2-87E3-1983A11663C5}.Debug|iPhoneSimulator.Build.0 = Debug|Any CPU
		{DB1D8F12-EB03-43D2-87E3-1983A11663C5}.Debug|x64.ActiveCfg = Debug|Any CPU
		{DB1D8F12-EB03-43D2-87E3-1983A11663C5}.Debug|x64.Build.0 = Debug|Any CPU
		{DB1D8F12-EB03-43D2-87E3-1983A11663C5}.Debug|x86.ActiveCfg = Debug|Any CPU
		{DB1D8F12-EB03-43D2-87E3-1983A11663C5}.Debug|x86.Build.0 = Debug|Any CPU
		{DB1D8F12-EB03-43D2-87E3-1983A11663C5}.Release|Any CPU.ActiveCfg = Release|Any CPU
		{DB1D8F12-EB03-43D2-87E3-1983A11663C5}.Release|Any CPU.Build.0 = Release|Any CPU
		{DB1D8F12-EB03-43D2-87E3-1983A11663C5}.Release|ARM.ActiveCfg = Release|Any CPU
		{DB1D8F12-EB03-43D2-87E3-1983A11663C5}.Release|ARM.Build.0 = Release|Any CPU
		{DB1D8F12-EB03-43D2-87E3-1983A11663C5}.Release|iPhone.ActiveCfg = Release|Any CPU
		{DB1D8F12-EB03-43D2-87E3-1983A11663C5}.Release|iPhone.Build.0 = Release|Any CPU
		{DB1D8F12-EB03-43D2-87E3-1983A11663C5}.Release|iPhoneSimulator.ActiveCfg = Release|Any CPU
		{DB1D8F12-EB03-43D2-87E3-1983A11663C5}.Release|iPhoneSimulator.Build.0 = Release|Any CPU
		{DB1D8F12-EB03-43D2-87E3-1983A11663C5}.Release|x64.ActiveCfg = Release|Any CPU
		{DB1D8F12-EB03-43D2-87E3-1983A11663C5}.Release|x64.Build.0 = Release|Any CPU
		{DB1D8F12-EB03-43D2-87E3-1983A11663C5}.Release|x86.ActiveCfg = Release|Any CPU
		{DB1D8F12-EB03-43D2-87E3-1983A11663C5}.Release|x86.Build.0 = Release|Any CPU
		{0B1C9F5F-4DAD-43D5-8920-47AED2B3D3C8}.Ad-Hoc|Any CPU.ActiveCfg = Release|x86
		{0B1C9F5F-4DAD-43D5-8920-47AED2B3D3C8}.Ad-Hoc|Any CPU.Build.0 = Release|x86
		{0B1C9F5F-4DAD-43D5-8920-47AED2B3D3C8}.Ad-Hoc|Any CPU.Deploy.0 = Release|x86
		{0B1C9F5F-4DAD-43D5-8920-47AED2B3D3C8}.Ad-Hoc|ARM.ActiveCfg = Release|ARM
		{0B1C9F5F-4DAD-43D5-8920-47AED2B3D3C8}.Ad-Hoc|ARM.Build.0 = Release|ARM
		{0B1C9F5F-4DAD-43D5-8920-47AED2B3D3C8}.Ad-Hoc|ARM.Deploy.0 = Release|ARM
		{0B1C9F5F-4DAD-43D5-8920-47AED2B3D3C8}.Ad-Hoc|iPhone.ActiveCfg = Release|x86
		{0B1C9F5F-4DAD-43D5-8920-47AED2B3D3C8}.Ad-Hoc|iPhone.Build.0 = Release|x86
		{0B1C9F5F-4DAD-43D5-8920-47AED2B3D3C8}.Ad-Hoc|iPhone.Deploy.0 = Release|x86
		{0B1C9F5F-4DAD-43D5-8920-47AED2B3D3C8}.Ad-Hoc|iPhoneSimulator.ActiveCfg = Release|x86
		{0B1C9F5F-4DAD-43D5-8920-47AED2B3D3C8}.Ad-Hoc|iPhoneSimulator.Build.0 = Release|x86
		{0B1C9F5F-4DAD-43D5-8920-47AED2B3D3C8}.Ad-Hoc|iPhoneSimulator.Deploy.0 = Release|x86
		{0B1C9F5F-4DAD-43D5-8920-47AED2B3D3C8}.Ad-Hoc|x64.ActiveCfg = Release|x64
		{0B1C9F5F-4DAD-43D5-8920-47AED2B3D3C8}.Ad-Hoc|x64.Build.0 = Release|x64
		{0B1C9F5F-4DAD-43D5-8920-47AED2B3D3C8}.Ad-Hoc|x64.Deploy.0 = Release|x64
		{0B1C9F5F-4DAD-43D5-8920-47AED2B3D3C8}.Ad-Hoc|x86.ActiveCfg = Release|x86
		{0B1C9F5F-4DAD-43D5-8920-47AED2B3D3C8}.Ad-Hoc|x86.Build.0 = Release|x86
		{0B1C9F5F-4DAD-43D5-8920-47AED2B3D3C8}.Ad-Hoc|x86.Deploy.0 = Release|x86
		{0B1C9F5F-4DAD-43D5-8920-47AED2B3D3C8}.AppStore|Any CPU.ActiveCfg = Release|x86
		{0B1C9F5F-4DAD-43D5-8920-47AED2B3D3C8}.AppStore|Any CPU.Build.0 = Release|x86
		{0B1C9F5F-4DAD-43D5-8920-47AED2B3D3C8}.AppStore|Any CPU.Deploy.0 = Release|x86
		{0B1C9F5F-4DAD-43D5-8920-47AED2B3D3C8}.AppStore|ARM.ActiveCfg = Release|ARM
		{0B1C9F5F-4DAD-43D5-8920-47AED2B3D3C8}.AppStore|ARM.Build.0 = Release|ARM
		{0B1C9F5F-4DAD-43D5-8920-47AED2B3D3C8}.AppStore|ARM.Deploy.0 = Release|ARM
		{0B1C9F5F-4DAD-43D5-8920-47AED2B3D3C8}.AppStore|iPhone.ActiveCfg = Release|x86
		{0B1C9F5F-4DAD-43D5-8920-47AED2B3D3C8}.AppStore|iPhone.Build.0 = Release|x86
		{0B1C9F5F-4DAD-43D5-8920-47AED2B3D3C8}.AppStore|iPhone.Deploy.0 = Release|x86
		{0B1C9F5F-4DAD-43D5-8920-47AED2B3D3C8}.AppStore|iPhoneSimulator.ActiveCfg = Release|x86
		{0B1C9F5F-4DAD-43D5-8920-47AED2B3D3C8}.AppStore|iPhoneSimulator.Build.0 = Release|x86
		{0B1C9F5F-4DAD-43D5-8920-47AED2B3D3C8}.AppStore|iPhoneSimulator.Deploy.0 = Release|x86
		{0B1C9F5F-4DAD-43D5-8920-47AED2B3D3C8}.AppStore|x64.ActiveCfg = Release|x64
		{0B1C9F5F-4DAD-43D5-8920-47AED2B3D3C8}.AppStore|x64.Build.0 = Release|x64
		{0B1C9F5F-4DAD-43D5-8920-47AED2B3D3C8}.AppStore|x64.Deploy.0 = Release|x64
		{0B1C9F5F-4DAD-43D5-8920-47AED2B3D3C8}.AppStore|x86.ActiveCfg = Release|x86
		{0B1C9F5F-4DAD-43D5-8920-47AED2B3D3C8}.AppStore|x86.Build.0 = Release|x86
		{0B1C9F5F-4DAD-43D5-8920-47AED2B3D3C8}.AppStore|x86.Deploy.0 = Release|x86
		{0B1C9F5F-4DAD-43D5-8920-47AED2B3D3C8}.Debug|Any CPU.ActiveCfg = Debug|x86
		{0B1C9F5F-4DAD-43D5-8920-47AED2B3D3C8}.Debug|ARM.ActiveCfg = Debug|ARM
		{0B1C9F5F-4DAD-43D5-8920-47AED2B3D3C8}.Debug|ARM.Build.0 = Debug|ARM
		{0B1C9F5F-4DAD-43D5-8920-47AED2B3D3C8}.Debug|ARM.Deploy.0 = Debug|ARM
		{0B1C9F5F-4DAD-43D5-8920-47AED2B3D3C8}.Debug|iPhone.ActiveCfg = Debug|x86
		{0B1C9F5F-4DAD-43D5-8920-47AED2B3D3C8}.Debug|iPhoneSimulator.ActiveCfg = Debug|x86
		{0B1C9F5F-4DAD-43D5-8920-47AED2B3D3C8}.Debug|x64.ActiveCfg = Debug|x64
		{0B1C9F5F-4DAD-43D5-8920-47AED2B3D3C8}.Debug|x64.Build.0 = Debug|x64
		{0B1C9F5F-4DAD-43D5-8920-47AED2B3D3C8}.Debug|x64.Deploy.0 = Debug|x64
		{0B1C9F5F-4DAD-43D5-8920-47AED2B3D3C8}.Debug|x86.ActiveCfg = Debug|x86
		{0B1C9F5F-4DAD-43D5-8920-47AED2B3D3C8}.Debug|x86.Build.0 = Debug|x86
		{0B1C9F5F-4DAD-43D5-8920-47AED2B3D3C8}.Debug|x86.Deploy.0 = Debug|x86
		{0B1C9F5F-4DAD-43D5-8920-47AED2B3D3C8}.Release|Any CPU.ActiveCfg = Release|x86
		{0B1C9F5F-4DAD-43D5-8920-47AED2B3D3C8}.Release|ARM.ActiveCfg = Release|ARM
		{0B1C9F5F-4DAD-43D5-8920-47AED2B3D3C8}.Release|ARM.Build.0 = Release|ARM
		{0B1C9F5F-4DAD-43D5-8920-47AED2B3D3C8}.Release|ARM.Deploy.0 = Release|ARM
		{0B1C9F5F-4DAD-43D5-8920-47AED2B3D3C8}.Release|iPhone.ActiveCfg = Release|x86
		{0B1C9F5F-4DAD-43D5-8920-47AED2B3D3C8}.Release|iPhoneSimulator.ActiveCfg = Release|x86
		{0B1C9F5F-4DAD-43D5-8920-47AED2B3D3C8}.Release|x64.ActiveCfg = Release|x64
		{0B1C9F5F-4DAD-43D5-8920-47AED2B3D3C8}.Release|x64.Build.0 = Release|x64
		{0B1C9F5F-4DAD-43D5-8920-47AED2B3D3C8}.Release|x64.Deploy.0 = Release|x64
		{0B1C9F5F-4DAD-43D5-8920-47AED2B3D3C8}.Release|x86.ActiveCfg = Release|x86
		{0B1C9F5F-4DAD-43D5-8920-47AED2B3D3C8}.Release|x86.Build.0 = Release|x86
		{0B1C9F5F-4DAD-43D5-8920-47AED2B3D3C8}.Release|x86.Deploy.0 = Release|x86
		{01A7CBCB-B048-477C-8FA8-EFD92CD5C99C}.Ad-Hoc|Any CPU.ActiveCfg = Ad-Hoc|iPhoneSimulator
		{01A7CBCB-B048-477C-8FA8-EFD92CD5C99C}.Ad-Hoc|ARM.ActiveCfg = Ad-Hoc|iPhone
		{01A7CBCB-B048-477C-8FA8-EFD92CD5C99C}.Ad-Hoc|iPhone.ActiveCfg = Ad-Hoc|iPhone
		{01A7CBCB-B048-477C-8FA8-EFD92CD5C99C}.Ad-Hoc|iPhone.Build.0 = Ad-Hoc|iPhone
		{01A7CBCB-B048-477C-8FA8-EFD92CD5C99C}.Ad-Hoc|iPhoneSimulator.ActiveCfg = Ad-Hoc|iPhoneSimulator
		{01A7CBCB-B048-477C-8FA8-EFD92CD5C99C}.Ad-Hoc|iPhoneSimulator.Build.0 = Ad-Hoc|iPhoneSimulator
		{01A7CBCB-B048-477C-8FA8-EFD92CD5C99C}.Ad-Hoc|x64.ActiveCfg = Ad-Hoc|iPhone
		{01A7CBCB-B048-477C-8FA8-EFD92CD5C99C}.Ad-Hoc|x86.ActiveCfg = Ad-Hoc|iPhone
		{01A7CBCB-B048-477C-8FA8-EFD92CD5C99C}.AppStore|Any CPU.ActiveCfg = AppStore|iPhoneSimulator
		{01A7CBCB-B048-477C-8FA8-EFD92CD5C99C}.AppStore|ARM.ActiveCfg = AppStore|iPhone
		{01A7CBCB-B048-477C-8FA8-EFD92CD5C99C}.AppStore|iPhone.ActiveCfg = AppStore|iPhone
		{01A7CBCB-B048-477C-8FA8-EFD92CD5C99C}.AppStore|iPhone.Build.0 = AppStore|iPhone
		{01A7CBCB-B048-477C-8FA8-EFD92CD5C99C}.AppStore|iPhoneSimulator.ActiveCfg = AppStore|iPhoneSimulator
		{01A7CBCB-B048-477C-8FA8-EFD92CD5C99C}.AppStore|iPhoneSimulator.Build.0 = AppStore|iPhoneSimulator
		{01A7CBCB-B048-477C-8FA8-EFD92CD5C99C}.AppStore|x64.ActiveCfg = AppStore|iPhone
		{01A7CBCB-B048-477C-8FA8-EFD92CD5C99C}.AppStore|x86.ActiveCfg = AppStore|iPhone
		{01A7CBCB-B048-477C-8FA8-EFD92CD5C99C}.Debug|Any CPU.ActiveCfg = Debug|iPhoneSimulator
		{01A7CBCB-B048-477C-8FA8-EFD92CD5C99C}.Debug|ARM.ActiveCfg = Debug|iPhone
		{01A7CBCB-B048-477C-8FA8-EFD92CD5C99C}.Debug|iPhone.ActiveCfg = Debug|iPhone
		{01A7CBCB-B048-477C-8FA8-EFD92CD5C99C}.Debug|iPhone.Build.0 = Debug|iPhone
		{01A7CBCB-B048-477C-8FA8-EFD92CD5C99C}.Debug|iPhoneSimulator.ActiveCfg = Debug|iPhoneSimulator
		{01A7CBCB-B048-477C-8FA8-EFD92CD5C99C}.Debug|iPhoneSimulator.Build.0 = Debug|iPhoneSimulator
		{01A7CBCB-B048-477C-8FA8-EFD92CD5C99C}.Debug|x64.ActiveCfg = Debug|iPhone
		{01A7CBCB-B048-477C-8FA8-EFD92CD5C99C}.Debug|x86.ActiveCfg = Debug|iPhone
		{01A7CBCB-B048-477C-8FA8-EFD92CD5C99C}.Release|Any CPU.ActiveCfg = Release|iPhoneSimulator
		{01A7CBCB-B048-477C-8FA8-EFD92CD5C99C}.Release|ARM.ActiveCfg = Release|iPhone
		{01A7CBCB-B048-477C-8FA8-EFD92CD5C99C}.Release|iPhone.ActiveCfg = Release|iPhone
		{01A7CBCB-B048-477C-8FA8-EFD92CD5C99C}.Release|iPhone.Build.0 = Release|iPhone
		{01A7CBCB-B048-477C-8FA8-EFD92CD5C99C}.Release|iPhoneSimulator.ActiveCfg = Release|iPhoneSimulator
		{01A7CBCB-B048-477C-8FA8-EFD92CD5C99C}.Release|iPhoneSimulator.Build.0 = Release|iPhoneSimulator
		{01A7CBCB-B048-477C-8FA8-EFD92CD5C99C}.Release|x64.ActiveCfg = Release|iPhone
		{01A7CBCB-B048-477C-8FA8-EFD92CD5C99C}.Release|x86.ActiveCfg = Release|iPhone
	EndGlobalSection
	GlobalSection(SolutionProperties) = preSolution
		HideSolutionNode = FALSE
	EndGlobalSection
	GlobalSection(ExtensibilityGlobals) = postSolution
		SolutionGuid = {FF2F4633-FE66-4A4D-B495-748D5BF8E204}
	EndGlobalSection
EndGlobal
